// !$*UTF8*$!
{
	archiveVersion = 1;
	classes = {
	};
	objectVersion = 56;
	objects = {

/* Begin PBXBuildFile section */
		5202A1912B9647790055D9D2 /* DetailsView.swift in Sources */ = {isa = PBXBuildFile; fileRef = 5202A1902B9647790055D9D2 /* DetailsView.swift */; };
		5202A19A2B9786A80055D9D2 /* NoButtonStyle.swift in Sources */ = {isa = PBXBuildFile; fileRef = 5202A1992B9786A80055D9D2 /* NoButtonStyle.swift */; };
		5213AD5F2B9601CE009BB438 /* HomeViewModel.swift in Sources */ = {isa = PBXBuildFile; fileRef = 5213AD5E2B9601CE009BB438 /* HomeViewModel.swift */; };
		5213AD622B9605B9009BB438 /* Constants.swift in Sources */ = {isa = PBXBuildFile; fileRef = 5213AD612B9605B9009BB438 /* Constants.swift */; };
		528BD6F22B94ADAA00AFBDE2 /* PandaTestApp.swift in Sources */ = {isa = PBXBuildFile; fileRef = 528BD6F12B94ADAA00AFBDE2 /* PandaTestApp.swift */; };
		528BD6F42B94ADAA00AFBDE2 /* HomeView.swift in Sources */ = {isa = PBXBuildFile; fileRef = 528BD6F32B94ADAA00AFBDE2 /* HomeView.swift */; };
		528BD6F62B94ADAB00AFBDE2 /* Assets.xcassets in Resources */ = {isa = PBXBuildFile; fileRef = 528BD6F52B94ADAB00AFBDE2 /* Assets.xcassets */; };
		528BD6F92B94ADAB00AFBDE2 /* Preview Assets.xcassets in Resources */ = {isa = PBXBuildFile; fileRef = 528BD6F82B94ADAB00AFBDE2 /* Preview Assets.xcassets */; };
		528BD7052B95E14D00AFBDE2 /* ActionButton.swift in Sources */ = {isa = PBXBuildFile; fileRef = 528BD7042B95E14D00AFBDE2 /* ActionButton.swift */; };
/* End PBXBuildFile section */

/* Begin PBXFileReference section */
		5202A1902B9647790055D9D2 /* DetailsView.swift */ = {isa = PBXFileReference; lastKnownFileType = sourcecode.swift; path = DetailsView.swift; sourceTree = "<group>"; };
		5202A1992B9786A80055D9D2 /* NoButtonStyle.swift */ = {isa = PBXFileReference; lastKnownFileType = sourcecode.swift; path = NoButtonStyle.swift; sourceTree = "<group>"; };
		5213AD5E2B9601CE009BB438 /* HomeViewModel.swift */ = {isa = PBXFileReference; lastKnownFileType = sourcecode.swift; path = HomeViewModel.swift; sourceTree = "<group>"; };
		5213AD612B9605B9009BB438 /* Constants.swift */ = {isa = PBXFileReference; lastKnownFileType = sourcecode.swift; path = Constants.swift; sourceTree = "<group>"; };
		528BD6EE2B94ADAA00AFBDE2 /* PandaTest.app */ = {isa = PBXFileReference; explicitFileType = wrapper.application; includeInIndex = 0; path = PandaTest.app; sourceTree = BUILT_PRODUCTS_DIR; };
		528BD6F12B94ADAA00AFBDE2 /* PandaTestApp.swift */ = {isa = PBXFileReference; lastKnownFileType = sourcecode.swift; path = PandaTestApp.swift; sourceTree = "<group>"; };
		528BD6F32B94ADAA00AFBDE2 /* HomeView.swift */ = {isa = PBXFileReference; lastKnownFileType = sourcecode.swift; path = HomeView.swift; sourceTree = "<group>"; };
		528BD6F52B94ADAB00AFBDE2 /* Assets.xcassets */ = {isa = PBXFileReference; lastKnownFileType = folder.assetcatalog; path = Assets.xcassets; sourceTree = "<group>"; };
		528BD6F82B94ADAB00AFBDE2 /* Preview Assets.xcassets */ = {isa = PBXFileReference; lastKnownFileType = folder.assetcatalog; path = "Preview Assets.xcassets"; sourceTree = "<group>"; };
		528BD7042B95E14D00AFBDE2 /* ActionButton.swift */ = {isa = PBXFileReference; lastKnownFileType = sourcecode.swift; path = ActionButton.swift; sourceTree = "<group>"; };
/* End PBXFileReference section */

/* Begin PBXFrameworksBuildPhase section */
		528BD6EB2B94ADAA00AFBDE2 /* Frameworks */ = {
			isa = PBXFrameworksBuildPhase;
			buildActionMask = 2147483647;
			files = (
			);
			runOnlyForDeploymentPostprocessing = 0;
		};
/* End PBXFrameworksBuildPhase section */

/* Begin PBXGroup section */
		5202A18D2B9646C90055D9D2 /* Details */ = {
			isa = PBXGroup;
			children = (
				5202A1902B9647790055D9D2 /* DetailsView.swift */,
			);
			path = Details;
			sourceTree = "<group>";
		};
		5213AD5B2B960171009BB438 /* Home */ = {
			isa = PBXGroup;
			children = (
				528BD6F32B94ADAA00AFBDE2 /* HomeView.swift */,
				5213AD5C2B96017D009BB438 /* ViewModel */,
			);
			path = Home;
			sourceTree = "<group>";
		};
		5213AD5C2B96017D009BB438 /* ViewModel */ = {
			isa = PBXGroup;
			children = (
				5213AD5E2B9601CE009BB438 /* HomeViewModel.swift */,
			);
			path = ViewModel;
			sourceTree = "<group>";
		};
		5213AD602B9605AF009BB438 /* Utils */ = {
			isa = PBXGroup;
			children = (
				5213AD612B9605B9009BB438 /* Constants.swift */,
				5202A1992B9786A80055D9D2 /* NoButtonStyle.swift */,
			);
			path = Utils;
			sourceTree = "<group>";
		};
		528BD6E52B94ADAA00AFBDE2 = {
			isa = PBXGroup;
			children = (
				528BD6F02B94ADAA00AFBDE2 /* PandaTest */,
				528BD6EF2B94ADAA00AFBDE2 /* Products */,
			);
			sourceTree = "<group>";
		};
		528BD6EF2B94ADAA00AFBDE2 /* Products */ = {
			isa = PBXGroup;
			children = (
				528BD6EE2B94ADAA00AFBDE2 /* PandaTest.app */,
			);
			name = Products;
			sourceTree = "<group>";
		};
		528BD6F02B94ADAA00AFBDE2 /* PandaTest */ = {
			isa = PBXGroup;
			children = (
				528BD6FF2B9589D600AFBDE2 /* App */,
				5213AD602B9605AF009BB438 /* Utils */,
				528BD7032B958A5200AFBDE2 /* Assets */,
				528BD6F72B94ADAB00AFBDE2 /* Preview Content */,
			);
			path = PandaTest;
			sourceTree = "<group>";
		};
		528BD6F72B94ADAB00AFBDE2 /* Preview Content */ = {
			isa = PBXGroup;
			children = (
				528BD6F82B94ADAB00AFBDE2 /* Preview Assets.xcassets */,
			);
			path = "Preview Content";
			sourceTree = "<group>";
		};
		528BD6FF2B9589D600AFBDE2 /* App */ = {
			isa = PBXGroup;
			children = (
				528BD6F12B94ADAA00AFBDE2 /* PandaTestApp.swift */,
				5213AD5B2B960171009BB438 /* Home */,
				5202A18D2B9646C90055D9D2 /* Details */,
				528BD7022B958A4600AFBDE2 /* Common */,
			);
			path = App;
			sourceTree = "<group>";
		};
		528BD7022B958A4600AFBDE2 /* Common */ = {
			isa = PBXGroup;
			children = (
				528BD7042B95E14D00AFBDE2 /* ActionButton.swift */,
			);
			path = Common;
			sourceTree = "<group>";
		};
		528BD7032B958A5200AFBDE2 /* Assets */ = {
			isa = PBXGroup;
			children = (
				528BD6F52B94ADAB00AFBDE2 /* Assets.xcassets */,
			);
			path = Assets;
			sourceTree = "<group>";
		};
/* End PBXGroup section */

/* Begin PBXNativeTarget section */
		528BD6ED2B94ADAA00AFBDE2 /* PandaTest */ = {
			isa = PBXNativeTarget;
			buildConfigurationList = 528BD6FC2B94ADAB00AFBDE2 /* Build configuration list for PBXNativeTarget "PandaTest" */;
			buildPhases = (
				528BD6EA2B94ADAA00AFBDE2 /* Sources */,
				528BD6EB2B94ADAA00AFBDE2 /* Frameworks */,
				528BD6EC2B94ADAA00AFBDE2 /* Resources */,
			);
			buildRules = (
			);
			dependencies = (
			);
			name = PandaTest;
			productName = PandaTest;
			productReference = 528BD6EE2B94ADAA00AFBDE2 /* PandaTest.app */;
			productType = "com.apple.product-type.application";
		};
/* End PBXNativeTarget section */

/* Begin PBXProject section */
		528BD6E62B94ADAA00AFBDE2 /* Project object */ = {
			isa = PBXProject;
			attributes = {
				BuildIndependentTargetsInParallel = 1;
				LastSwiftUpdateCheck = 1520;
				LastUpgradeCheck = 1520;
				TargetAttributes = {
					528BD6ED2B94ADAA00AFBDE2 = {
						CreatedOnToolsVersion = 15.2;
					};
				};
			};
			buildConfigurationList = 528BD6E92B94ADAA00AFBDE2 /* Build configuration list for PBXProject "PandaTest" */;
			compatibilityVersion = "Xcode 14.0";
			developmentRegion = en;
			hasScannedForEncodings = 0;
			knownRegions = (
				en,
				Base,
			);
			mainGroup = 528BD6E52B94ADAA00AFBDE2;
			productRefGroup = 528BD6EF2B94ADAA00AFBDE2 /* Products */;
			projectDirPath = "";
			projectRoot = "";
			targets = (
				528BD6ED2B94ADAA00AFBDE2 /* PandaTest */,
			);
		};
/* End PBXProject section */

/* Begin PBXResourcesBuildPhase section */
		528BD6EC2B94ADAA00AFBDE2 /* Resources */ = {
			isa = PBXResourcesBuildPhase;
			buildActionMask = 2147483647;
			files = (
				528BD6F92B94ADAB00AFBDE2 /* Preview Assets.xcassets in Resources */,
				528BD6F62B94ADAB00AFBDE2 /* Assets.xcassets in Resources */,
			);
			runOnlyForDeploymentPostprocessing = 0;
		};
/* End PBXResourcesBuildPhase section */

/* Begin PBXSourcesBuildPhase section */
		528BD6EA2B94ADAA00AFBDE2 /* Sources */ = {
			isa = PBXSourcesBuildPhase;
			buildActionMask = 2147483647;
			files = (
				5213AD622B9605B9009BB438 /* Constants.swift in Sources */,
				5202A19A2B9786A80055D9D2 /* NoButtonStyle.swift in Sources */,
				5202A1912B9647790055D9D2 /* DetailsView.swift in Sources */,
				528BD6F42B94ADAA00AFBDE2 /* HomeView.swift in Sources */,
				528BD6F22B94ADAA00AFBDE2 /* PandaTestApp.swift in Sources */,
				528BD7052B95E14D00AFBDE2 /* ActionButton.swift in Sources */,
				5213AD5F2B9601CE009BB438 /* HomeViewModel.swift in Sources */,
			);
			runOnlyForDeploymentPostprocessing = 0;
		};
/* End PBXSourcesBuildPhase section */

/* Begin XCBuildConfiguration section */
		528BD6FA2B94ADAB00AFBDE2 /* Debug */ = {
			isa = XCBuildConfiguration;
			buildSettings = {
				ALWAYS_SEARCH_USER_PATHS = NO;
				ASSETCATALOG_COMPILER_GENERATE_SWIFT_ASSET_SYMBOL_EXTENSIONS = YES;
				CLANG_ANALYZER_NONNULL = YES;
				CLANG_ANALYZER_NUMBER_OBJECT_CONVERSION = YES_AGGRESSIVE;
				CLANG_CXX_LANGUAGE_STANDARD = "gnu++20";
				CLANG_ENABLE_MODULES = YES;
				CLANG_ENABLE_OBJC_ARC = YES;
				CLANG_ENABLE_OBJC_WEAK = YES;
				CLANG_WARN_BLOCK_CAPTURE_AUTORELEASING = YES;
				CLANG_WARN_BOOL_CONVERSION = YES;
				CLANG_WARN_COMMA = YES;
				CLANG_WARN_CONSTANT_CONVERSION = YES;
				CLANG_WARN_DEPRECATED_OBJC_IMPLEMENTATIONS = YES;
				CLANG_WARN_DIRECT_OBJC_ISA_USAGE = YES_ERROR;
				CLANG_WARN_DOCUMENTATION_COMMENTS = YES;
				CLANG_WARN_EMPTY_BODY = YES;
				CLANG_WARN_ENUM_CONVERSION = YES;
				CLANG_WARN_INFINITE_RECURSION = YES;
				CLANG_WARN_INT_CONVERSION = YES;
				CLANG_WARN_NON_LITERAL_NULL_CONVERSION = YES;
				CLANG_WARN_OBJC_IMPLICIT_RETAIN_SELF = YES;
				CLANG_WARN_OBJC_LITERAL_CONVERSION = YES;
				CLANG_WARN_OBJC_ROOT_CLASS = YES_ERROR;
				CLANG_WARN_QUOTED_INCLUDE_IN_FRAMEWORK_HEADER = YES;
				CLANG_WARN_RANGE_LOOP_ANALYSIS = YES;
				CLANG_WARN_STRICT_PROTOTYPES = YES;
				CLANG_WARN_SUSPICIOUS_MOVE = YES;
				CLANG_WARN_UNGUARDED_AVAILABILITY = YES_AGGRESSIVE;
				CLANG_WARN_UNREACHABLE_CODE = YES;
				CLANG_WARN__DUPLICATE_METHOD_MATCH = YES;
				COPY_PHASE_STRIP = NO;
				DEBUG_INFORMATION_FORMAT = dwarf;
				ENABLE_STRICT_OBJC_MSGSEND = YES;
				ENABLE_TESTABILITY = YES;
				ENABLE_USER_SCRIPT_SANDBOXING = YES;
				GCC_C_LANGUAGE_STANDARD = gnu17;
				GCC_DYNAMIC_NO_PIC = NO;
				GCC_NO_COMMON_BLOCKS = YES;
				GCC_OPTIMIZATION_LEVEL = 0;
				GCC_PREPROCESSOR_DEFINITIONS = (
					"DEBUG=1",
					"$(inherited)",
				);
				GCC_WARN_64_TO_32_BIT_CONVERSION = YES;
				GCC_WARN_ABOUT_RETURN_TYPE = YES_ERROR;
				GCC_WARN_UNDECLARED_SELECTOR = YES;
				GCC_WARN_UNINITIALIZED_AUTOS = YES_AGGRESSIVE;
				GCC_WARN_UNUSED_FUNCTION = YES;
				GCC_WARN_UNUSED_VARIABLE = YES;
				IPHONEOS_DEPLOYMENT_TARGET = 17.2;
				LOCALIZATION_PREFERS_STRING_CATALOGS = YES;
				MTL_ENABLE_DEBUG_INFO = INCLUDE_SOURCE;
				MTL_FAST_MATH = YES;
				ONLY_ACTIVE_ARCH = YES;
				SDKROOT = iphoneos;
				SWIFT_ACTIVE_COMPILATION_CONDITIONS = "DEBUG $(inherited)";
				SWIFT_OPTIMIZATION_LEVEL = "-Onone";
			};
			name = Debug;
		};
		528BD6FB2B94ADAB00AFBDE2 /* Release */ = {
			isa = XCBuildConfiguration;
			buildSettings = {
				ALWAYS_SEARCH_USER_PATHS = NO;
				ASSETCATALOG_COMPILER_GENERATE_SWIFT_ASSET_SYMBOL_EXTENSIONS = YES;
				CLANG_ANALYZER_NONNULL = YES;
				CLANG_ANALYZER_NUMBER_OBJECT_CONVERSION = YES_AGGRESSIVE;
				CLANG_CXX_LANGUAGE_STANDARD = "gnu++20";
				CLANG_ENABLE_MODULES = YES;
				CLANG_ENABLE_OBJC_ARC = YES;
				CLANG_ENABLE_OBJC_WEAK = YES;
				CLANG_WARN_BLOCK_CAPTURE_AUTORELEASING = YES;
				CLANG_WARN_BOOL_CONVERSION = YES;
				CLANG_WARN_COMMA = YES;
				CLANG_WARN_CONSTANT_CONVERSION = YES;
				CLANG_WARN_DEPRECATED_OBJC_IMPLEMENTATIONS = YES;
				CLANG_WARN_DIRECT_OBJC_ISA_USAGE = YES_ERROR;
				CLANG_WARN_DOCUMENTATION_COMMENTS = YES;
				CLANG_WARN_EMPTY_BODY = YES;
				CLANG_WARN_ENUM_CONVERSION = YES;
				CLANG_WARN_INFINITE_RECURSION = YES;
				CLANG_WARN_INT_CONVERSION = YES;
				CLANG_WARN_NON_LITERAL_NULL_CONVERSION = YES;
				CLANG_WARN_OBJC_IMPLICIT_RETAIN_SELF = YES;
				CLANG_WARN_OBJC_LITERAL_CONVERSION = YES;
				CLANG_WARN_OBJC_ROOT_CLASS = YES_ERROR;
				CLANG_WARN_QUOTED_INCLUDE_IN_FRAMEWORK_HEADER = YES;
				CLANG_WARN_RANGE_LOOP_ANALYSIS = YES;
				CLANG_WARN_STRICT_PROTOTYPES = YES;
				CLANG_WARN_SUSPICIOUS_MOVE = YES;
				CLANG_WARN_UNGUARDED_AVAILABILITY = YES_AGGRESSIVE;
				CLANG_WARN_UNREACHABLE_CODE = YES;
				CLANG_WARN__DUPLICATE_METHOD_MATCH = YES;
				COPY_PHASE_STRIP = NO;
				DEBUG_INFORMATION_FORMAT = "dwarf-with-dsym";
				ENABLE_NS_ASSERTIONS = NO;
				ENABLE_STRICT_OBJC_MSGSEND = YES;
				ENABLE_USER_SCRIPT_SANDBOXING = YES;
				GCC_C_LANGUAGE_STANDARD = gnu17;
				GCC_NO_COMMON_BLOCKS = YES;
				GCC_WARN_64_TO_32_BIT_CONVERSION = YES;
				GCC_WARN_ABOUT_RETURN_TYPE = YES_ERROR;
				GCC_WARN_UNDECLARED_SELECTOR = YES;
				GCC_WARN_UNINITIALIZED_AUTOS = YES_AGGRESSIVE;
				GCC_WARN_UNUSED_FUNCTION = YES;
				GCC_WARN_UNUSED_VARIABLE = YES;
				IPHONEOS_DEPLOYMENT_TARGET = 17.2;
				LOCALIZATION_PREFERS_STRING_CATALOGS = YES;
				MTL_ENABLE_DEBUG_INFO = NO;
				MTL_FAST_MATH = YES;
				SDKROOT = iphoneos;
				SWIFT_COMPILATION_MODE = wholemodule;
				VALIDATE_PRODUCT = YES;
			};
			name = Release;
		};
		528BD6FD2B94ADAB00AFBDE2 /* Debug */ = {
			isa = XCBuildConfiguration;
			buildSettings = {
				ASSETCATALOG_COMPILER_APPICON_NAME = AppIcon;
				ASSETCATALOG_COMPILER_GLOBAL_ACCENT_COLOR_NAME = AccentColor;
				CODE_SIGN_STYLE = Automatic;
				CURRENT_PROJECT_VERSION = 1;
				DEVELOPMENT_ASSET_PATHS = "\"PandaTest/Preview Content\"";
				DEVELOPMENT_TEAM = ZC2RZX2F24;
				ENABLE_PREVIEWS = YES;
				GENERATE_INFOPLIST_FILE = YES;
				INFOPLIST_KEY_UIApplicationSceneManifest_Generation = YES;
				INFOPLIST_KEY_UIApplicationSupportsIndirectInputEvents = YES;
				INFOPLIST_KEY_UILaunchScreen_Generation = YES;
				INFOPLIST_KEY_UISupportedInterfaceOrientations_iPad = "UIInterfaceOrientationPortrait UIInterfaceOrientationPortraitUpsideDown UIInterfaceOrientationLandscapeLeft UIInterfaceOrientationLandscapeRight";
				INFOPLIST_KEY_UISupportedInterfaceOrientations_iPhone = "UIInterfaceOrientationPortrait UIInterfaceOrientationLandscapeLeft UIInterfaceOrientationLandscapeRight";
				LD_RUNPATH_SEARCH_PATHS = (
					"$(inherited)",
					"@executable_path/Frameworks",
				);
				MARKETING_VERSION = 1.0;
				PRODUCT_BUNDLE_IDENTIFIER = com.daulet.PandaTest;
				PRODUCT_NAME = "$(TARGET_NAME)";
				SWIFT_EMIT_LOC_STRINGS = YES;
				SWIFT_VERSION = 5.0;
				TARGETED_DEVICE_FAMILY = "1,2";
			};
			name = Debug;
		};
		528BD6FE2B94ADAB00AFBDE2 /* Release */ = {
			isa = XCBuildConfiguration;
			buildSettings = {
				ASSETCATALOG_COMPILER_APPICON_NAME = AppIcon;
				ASSETCATALOG_COMPILER_GLOBAL_ACCENT_COLOR_NAME = AccentColor;
				CODE_SIGN_STYLE = Automatic;
				CURRENT_PROJECT_VERSION = 1;
				DEVELOPMENT_ASSET_PATHS = "\"PandaTest/Preview Content\"";
				DEVELOPMENT_TEAM = ZC2RZX2F24;
				ENABLE_PREVIEWS = YES;
				GENERATE_INFOPLIST_FILE = YES;
				INFOPLIST_KEY_UIApplicationSceneManifest_Generation = YES;
				INFOPLIST_KEY_UIApplicationSupportsIndirectInputEvents = YES;
				INFOPLIST_KEY_UILaunchScreen_Generation = YES;
				INFOPLIST_KEY_UISupportedInterfaceOrientations_iPad = "UIInterfaceOrientationPortrait UIInterfaceOrientationPortraitUpsideDown UIInterfaceOrientationLandscapeLeft UIInterfaceOrientationLandscapeRight";
				INFOPLIST_KEY_UISupportedInterfaceOrientations_iPhone = "UIInterfaceOrientationPortrait UIInterfaceOrientationLandscapeLeft UIInterfaceOrientationLandscapeRight";
				LD_RUNPATH_SEARCH_PATHS = (
					"$(inherited)",
					"@executable_path/Frameworks",
				);
				MARKETING_VERSION = 1.0;
				PRODUCT_BUNDLE_IDENTIFIER = com.daulet.PandaTest;
				PRODUCT_NAME = "$(TARGET_NAME)";
				SWIFT_EMIT_LOC_STRINGS = YES;
				SWIFT_VERSION = 5.0;
				TARGETED_DEVICE_FAMILY = "1,2";
			};
			name = Release;
		};
/* End XCBuildConfiguration section */

/* Begin XCConfigurationList section */
		528BD6E92B94ADAA00AFBDE2 /* Build configuration list for PBXProject "PandaTest" */ = {
			isa = XCConfigurationList;
			buildConfigurations = (
				528BD6FA2B94ADAB00AFBDE2 /* Debug */,
				528BD6FB2B94ADAB00AFBDE2 /* Release */,
			);
			defaultConfigurationIsVisible = 0;
			defaultConfigurationName = Release;
		};
		528BD6FC2B94ADAB00AFBDE2 /* Build configuration list for PBXNativeTarget "PandaTest" */ = {
			isa = XCConfigurationList;
			buildConfigurations = (
				528BD6FD2B94ADAB00AFBDE2 /* Debug */,
				528BD6FE2B94ADAB00AFBDE2 /* Release */,
			);
			defaultConfigurationIsVisible = 0;
			defaultConfigurationName = Release;
		};
/* End XCConfigurationList section */
	};
	rootObject = 528BD6E62B94ADAA00AFBDE2 /* Project object */;
}
